{
  "version": 4,
  "terraform_version": "1.10.5",
  "serial": 18,
  "lineage": "b9bf1866-528a-874e-736d-2a50de012413",
  "outputs": {},
  "resources": [
    {
      "mode": "managed",
      "type": "github_repository",
      "name": "repository_auto_init",
      "provider": "provider[\"registry.terraform.io/integrations/github\"]",
      "instances": [
        {
          "schema_version": 1,
          "attributes": {
            "allow_auto_merge": false,
            "allow_merge_commit": true,
            "allow_rebase_merge": true,
            "allow_squash_merge": true,
            "allow_update_branch": false,
            "archive_on_destroy": null,
            "archived": false,
            "auto_init": true,
            "default_branch": "main",
            "delete_branch_on_merge": false,
            "description": "Laboratorio de IaC con Terraform",
            "etag": "W/\"5005ec4a6f0fbc9fd3353331e3be14e994db8edda16b8726d6de9d56657f6b5a\"",
            "full_name": "SebastianOG509/ArquiTICS_Terraform_Lab_IaC",
            "git_clone_url": "git://github.com/SebastianOG509/ArquiTICS_Terraform_Lab_IaC.git",
            "gitignore_template": null,
            "has_discussions": false,
            "has_downloads": false,
            "has_issues": false,
            "has_projects": false,
            "has_wiki": false,
            "homepage_url": "",
            "html_url": "https://github.com/SebastianOG509/ArquiTICS_Terraform_Lab_IaC",
            "http_clone_url": "https://github.com/SebastianOG509/ArquiTICS_Terraform_Lab_IaC.git",
            "id": "ArquiTICS_Terraform_Lab_IaC",
            "ignore_vulnerability_alerts_during_read": null,
            "is_template": false,
            "license_template": null,
            "merge_commit_message": "PR_TITLE",
            "merge_commit_title": "MERGE_MESSAGE",
            "name": "ArquiTICS_Terraform_Lab_IaC",
            "node_id": "R_kgDON9hdFA",
            "pages": [],
            "primary_language": "",
            "private": false,
            "repo_id": 936926484,
            "security_and_analysis": [
              {
                "advanced_security": [],
                "secret_scanning": [
                  {
                    "status": "enabled"
                  }
                ],
                "secret_scanning_push_protection": [
                  {
                    "status": "enabled"
                  }
                ]
              }
            ],
            "squash_merge_commit_message": "COMMIT_MESSAGES",
            "squash_merge_commit_title": "COMMIT_OR_PR_TITLE",
            "ssh_clone_url": "git@github.com:SebastianOG509/ArquiTICS_Terraform_Lab_IaC.git",
            "svn_url": "https://github.com/SebastianOG509/ArquiTICS_Terraform_Lab_IaC",
            "template": [
              {
                "include_all_branches": false,
                "owner": "toidicode",
                "repository": "template"
              }
            ],
            "topics": [],
            "visibility": "public",
            "vulnerability_alerts": false,
            "web_commit_signoff_required": false
          },
          "sensitive_attributes": [],
          "private": "eyJzY2hlbWFfdmVyc2lvbiI6IjEifQ=="
        }
      ]
    }
  ],
  "check_results": null
}
