{
  "version": 4,
  "terraform_version": "1.10.5",
  "serial": 22,
  "lineage": "b9bf1866-528a-874e-736d-2a50de012413",
  "outputs": {},
  "resources": [
    {
      "mode": "managed",
      "type": "github_branch",
      "name": "development",
      "provider": "provider[\"registry.terraform.io/integrations/github\"]",
      "instances": [
        {
          "schema_version": 0,
          "attributes": {
            "branch": "development",
            "etag": "W/\"7e29aedfd0b10fe067a2a14acf673e94371cd114b4adff132ae4d10e0b3374d9\"",
            "id": "ArquiTICS_Terraform_Lab_IaC:development",
            "ref": "refs/heads/development",
            "repository": "ArquiTICS_Terraform_Lab_IaC",
            "sha": "a1fc2238267566d7d431ef216b10707de222ca51",
            "source_branch": "master",
            "source_sha": "a1fc2238267566d7d431ef216b10707de222ca51"
          },
          "sensitive_attributes": [],
          "private": "bnVsbA==",
          "dependencies": [
            "github_repository.repository_auto_init"
          ]
        }
      ]
    },
    {
      "mode": "managed",
      "type": "github_branch",
      "name": "production",
      "provider": "provider[\"registry.terraform.io/integrations/github\"]",
      "instances": [
        {
          "schema_version": 0,
          "attributes": {
            "branch": "production",
            "etag": "W/\"f7f1fd7a1f683da97870ecd1d32ba71a6227e01ee89859ca7034891b12041e79\"",
            "id": "ArquiTICS_Terraform_Lab_IaC:production",
            "ref": "refs/heads/production",
            "repository": "ArquiTICS_Terraform_Lab_IaC",
            "sha": "a1fc2238267566d7d431ef216b10707de222ca51",
            "source_branch": "master",
            "source_sha": "a1fc2238267566d7d431ef216b10707de222ca51"
          },
          "sensitive_attributes": [],
          "private": "bnVsbA==",
          "dependencies": [
            "github_repository.repository_auto_init"
          ]
        }
      ]
    },
    {
      "mode": "managed",
      "type": "github_branch",
      "name": "staging",
      "provider": "provider[\"registry.terraform.io/integrations/github\"]",
      "instances": [
        {
          "schema_version": 0,
          "attributes": {
            "branch": "staging",
            "etag": "W/\"7b5ce7cc3e6abd742117caacf19daca20fa75010387e9c2d5963d73a24194fdc\"",
            "id": "ArquiTICS_Terraform_Lab_IaC:staging",
            "ref": "refs/heads/staging",
            "repository": "ArquiTICS_Terraform_Lab_IaC",
            "sha": "a1fc2238267566d7d431ef216b10707de222ca51",
            "source_branch": "master",
            "source_sha": "a1fc2238267566d7d431ef216b10707de222ca51"
          },
          "sensitive_attributes": [],
          "private": "bnVsbA==",
          "dependencies": [
            "github_repository.repository_auto_init"
          ]
        }
      ]
    },
    {
      "mode": "managed",
      "type": "github_repository",
      "name": "repository_auto_init",
      "provider": "provider[\"registry.terraform.io/integrations/github\"]",
      "instances": [
        {
          "schema_version": 1,
          "attributes": {
            "allow_auto_merge": false,
            "allow_merge_commit": true,
            "allow_rebase_merge": true,
            "allow_squash_merge": true,
            "allow_update_branch": false,
            "archive_on_destroy": null,
            "archived": false,
            "auto_init": true,
            "default_branch": "master",
            "delete_branch_on_merge": false,
            "description": "Laboratorio de IaC con Terraform",
            "etag": "W/\"704c5de53ed50081fcb87de8c22dda1edbbf2659452522085504983267ffc12f\"",
            "full_name": "SebastianOG509/ArquiTICS_Terraform_Lab_IaC",
            "git_clone_url": "git://github.com/SebastianOG509/ArquiTICS_Terraform_Lab_IaC.git",
            "gitignore_template": null,
            "has_discussions": false,
            "has_downloads": false,
            "has_issues": false,
            "has_projects": false,
            "has_wiki": false,
            "homepage_url": "",
            "html_url": "https://github.com/SebastianOG509/ArquiTICS_Terraform_Lab_IaC",
            "http_clone_url": "https://github.com/SebastianOG509/ArquiTICS_Terraform_Lab_IaC.git",
            "id": "ArquiTICS_Terraform_Lab_IaC",
            "ignore_vulnerability_alerts_during_read": null,
            "is_template": false,
            "license_template": null,
            "merge_commit_message": "PR_TITLE",
            "merge_commit_title": "MERGE_MESSAGE",
            "name": "ArquiTICS_Terraform_Lab_IaC",
            "node_id": "R_kgDON9hdFA",
            "pages": [],
            "primary_language": "HTML",
            "private": false,
            "repo_id": 936926484,
            "security_and_analysis": [
              {
                "advanced_security": [],
                "secret_scanning": [
                  {
                    "status": "enabled"
                  }
                ],
                "secret_scanning_push_protection": [
                  {
                    "status": "enabled"
                  }
                ]
              }
            ],
            "squash_merge_commit_message": "COMMIT_MESSAGES",
            "squash_merge_commit_title": "COMMIT_OR_PR_TITLE",
            "ssh_clone_url": "git@github.com:SebastianOG509/ArquiTICS_Terraform_Lab_IaC.git",
            "svn_url": "https://github.com/SebastianOG509/ArquiTICS_Terraform_Lab_IaC",
            "template": [
              {
                "include_all_branches": false,
                "owner": "toidicode",
                "repository": "template"
              }
            ],
            "topics": [],
            "visibility": "public",
            "vulnerability_alerts": false,
            "web_commit_signoff_required": false
          },
          "sensitive_attributes": [],
          "private": "eyJzY2hlbWFfdmVyc2lvbiI6IjEifQ=="
        }
      ]
    }
  ],
  "check_results": null
}
